
Microsoft Visual Studio Solution File, Format Version 12.00
# Visual Studio Version 17
VisualStudioVersion = 17.14.36202.13
MinimumVisualStudioVersion = 10.0.40219.1
Project("{FAE04EC0-301F-11D3-BF4B-00C04F79EFBC}") = "WpfLab3", "WpfLab3\WpfLab3.csproj", "{8D167BBA-D066-4541-B76A-7F0F48C843EF}"
EndProject
Project("{FAE04EC0-301F-11D3-BF4B-00C04F79EFBC}") = "ClassLab3", "ClassLab3\ClassLab3.csproj", "{02764A32-8784-4A5F-9579-CC07AC66A3EE}"
EndProject
Global
	GlobalSection(SolutionConfigurationPlatforms) = preSolution
		Debug|Any CPU = Debug|Any CPU
		Release|Any CPU = Release|Any CPU
	EndGlobalSection
	GlobalSection(ProjectConfigurationPlatforms) = postSolution
		{8D167BBA-D066-4541-B76A-7F0F48C843EF}.Debug|Any CPU.ActiveCfg = Debug|Any CPU
		{8D167BBA-D066-4541-B76A-7F0F48C843EF}.Debug|Any CPU.Build.0 = Debug|Any CPU
		{8D167BBA-D066-4541-B76A-7F0F48C843EF}.Release|Any CPU.ActiveCfg = Release|Any CPU
		{8D167BBA-D066-4541-B76A-7F0F48C843EF}.Release|Any CPU.Build.0 = Release|Any CPU
		{02764A32-8784-4A5F-9579-CC07AC66A3EE}.Debug|Any CPU.ActiveCfg = Debug|Any CPU
		{02764A32-8784-4A5F-9579-CC07AC66A3EE}.Debug|Any CPU.Build.0 = Debug|Any CPU
		{02764A32-8784-4A5F-9579-CC07AC66A3EE}.Release|Any CPU.ActiveCfg = Release|Any CPU
		{02764A32-8784-4A5F-9579-CC07AC66A3EE}.Release|Any CPU.Build.0 = Release|Any CPU
	EndGlobalSection
	GlobalSection(SolutionProperties) = preSolution
		HideSolutionNode = FALSE
	EndGlobalSection
	GlobalSection(ExtensibilityGlobals) = postSolution
		SolutionGuid = {7132AF99-D806-48D0-9E30-F9559B227A49}
	EndGlobalSection
EndGlobal
